
Microsoft Visual Studio Solution File, Format Version 12.00
# Visual Studio 15
VisualStudioVersion = 15.0.26430.14
MinimumVisualStudioVersion = 10.0.40219.1
Project("{FAE04EC0-301F-11D3-BF4B-00C04F79EFBC}") = "WordsFrequency", "WordsFrequency\WordsFrequency.csproj", "{AEF403CD-1D5A-49A3-BB17-25A42D201F5A}"
EndProject
Project("{FAE04EC0-301F-11D3-BF4B-00C04F79EFBC}") = "WFUnitTests", "WFUnitTests\WFUnitTests.csproj", "{7CB4982D-A1BC-42A8-BA25-B12B0B14F834}"
EndProject
Project("{FAE04EC0-301F-11D3-BF4B-00C04F79EFBC}") = "WordsFrequencyCommon", "WordsFrequencyCommon\WordsFrequencyCommon.csproj", "{28B2A18B-860A-44CA-A125-A19D07082B4C}"
EndProject
Global
	GlobalSection(SolutionConfigurationPlatforms) = preSolution
		Debug|Any CPU = Debug|Any CPU
		Release|Any CPU = Release|Any CPU
	EndGlobalSection
	GlobalSection(ProjectConfigurationPlatforms) = postSolution
		{AEF403CD-1D5A-49A3-BB17-25A42D201F5A}.Debug|Any CPU.ActiveCfg = Debug|Any CPU
		{AEF403CD-1D5A-49A3-BB17-25A42D201F5A}.Debug|Any CPU.Build.0 = Debug|Any CPU
		{AEF403CD-1D5A-49A3-BB17-25A42D201F5A}.Release|Any CPU.ActiveCfg = Release|Any CPU
		{AEF403CD-1D5A-49A3-BB17-25A42D201F5A}.Release|Any CPU.Build.0 = Release|Any CPU
		{7CB4982D-A1BC-42A8-BA25-B12B0B14F834}.Debug|Any CPU.ActiveCfg = Debug|Any CPU
		{7CB4982D-A1BC-42A8-BA25-B12B0B14F834}.Debug|Any CPU.Build.0 = Debug|Any CPU
		{7CB4982D-A1BC-42A8-BA25-B12B0B14F834}.Release|Any CPU.ActiveCfg = Release|Any CPU
		{7CB4982D-A1BC-42A8-BA25-B12B0B14F834}.Release|Any CPU.Build.0 = Release|Any CPU
		{28B2A18B-860A-44CA-A125-A19D07082B4C}.Debug|Any CPU.ActiveCfg = Debug|Any CPU
		{28B2A18B-860A-44CA-A125-A19D07082B4C}.Debug|Any CPU.Build.0 = Debug|Any CPU
		{28B2A18B-860A-44CA-A125-A19D07082B4C}.Release|Any CPU.ActiveCfg = Release|Any CPU
		{28B2A18B-860A-44CA-A125-A19D07082B4C}.Release|Any CPU.Build.0 = Release|Any CPU
	EndGlobalSection
	GlobalSection(SolutionProperties) = preSolution
		HideSolutionNode = FALSE
	EndGlobalSection
EndGlobal
